[[package]]
name = "atomicwrites"
version = "1.4.1"
description = "Atomic file writes."
category = "dev"
optional = false
python-versions = ">=2.7, !=3.0.*, !=3.1.*, !=3.2.*, !=3.3.*"

[[package]]
name = "attrs"
version = "22.1.0"
description = "Classes Without Boilerplate"
category = "dev"
optional = false
python-versions = ">=3.5"

[package.extras]
dev = ["coverage[toml] (>=5.0.2)", "hypothesis", "pympler", "pytest (>=4.3.0)", "mypy (>=0.900,!=0.940)", "pytest-mypy-plugins", "zope.interface", "furo", "sphinx", "sphinx-notfound-page", "pre-commit", "cloudpickle"]
docs = ["furo", "sphinx", "zope.interface", "sphinx-notfound-page"]
tests = ["coverage[toml] (>=5.0.2)", "hypothesis", "pympler", "pytest (>=4.3.0)", "mypy (>=0.900,!=0.940)", "pytest-mypy-plugins", "zope.interface", "cloudpickle"]
tests_no_zope = ["coverage[toml] (>=5.0.2)", "hypothesis", "pympler", "pytest (>=4.3.0)", "mypy (>=0.900,!=0.940)", "pytest-mypy-plugins", "cloudpickle"]

[[package]]
name = "colorama"
version = "0.4.5"
description = "Cross-platform colored terminal text."
category = "dev"
optional = false
python-versions = ">=2.7, !=3.0.*, !=3.1.*, !=3.2.*, !=3.3.*, !=3.4.*"

[[package]]
name = "coverage"
version = "6.4.3"
description = "Code coverage measurement for Python"
category = "dev"
optional = false
python-versions = ">=3.7"

[package.dependencies]
tomli = {version = "*", optional = true, markers = "python_full_version <= \"3.11.0a6\" and extra == \"toml\""}

[package.extras]
toml = ["tomli"]

[[package]]
name = "iniconfig"
version = "1.1.1"
description = "iniconfig: brain-dead simple config-ini parsing"
category = "dev"
optional = false
python-versions = "*"

[[package]]
name = "lazy"
version = "1.4"
description = "Lazy attributes for Python objects"
category = "main"
optional = false
python-versions = "*"

[[package]]
name = "numpy"
version = "1.23.2"
description = "NumPy is the fundamental package for array computing with Python."
category = "main"
optional = false
python-versions = ">=3.8"

[[package]]
name = "packaging"
version = "21.3"
description = "Core utilities for Python packages"
category = "dev"
optional = false
python-versions = ">=3.6"

[package.dependencies]
pyparsing = ">=2.0.2,<3.0.5 || >3.0.5"

[[package]]
name = "pluggy"
version = "1.0.0"
description = "plugin and hook calling mechanisms for python"
category = "dev"
optional = false
python-versions = ">=3.6"

[package.extras]
testing = ["pytest-benchmark", "pytest"]
dev = ["tox", "pre-commit"]

[[package]]
name = "py"
version = "1.11.0"
description = "library with cross-python path, ini-parsing, io, code, log facilities"
category = "dev"
optional = false
python-versions = ">=2.7, !=3.0.*, !=3.1.*, !=3.2.*, !=3.3.*, !=3.4.*"

[[package]]
name = "pyopenms"
version = "2.7.0"
description = "Python wrapper for C++ LCMS library OpenMS"
category = "main"
optional = false
python-versions = "*"

[package.dependencies]
numpy = "*"

[[package]]
name = "pyparsing"
version = "3.0.9"
description = "pyparsing module - Classes and methods to define and execute parsing grammars"
category = "dev"
optional = false
python-versions = ">=3.6.8"

[package.extras]
diagrams = ["jinja2", "railroad-diagrams"]

[[package]]
name = "pytest"
version = "7.1.2"
description = "pytest: simple powerful testing with Python"
category = "dev"
optional = false
python-versions = ">=3.7"

[package.dependencies]
atomicwrites = {version = ">=1.0", markers = "sys_platform == \"win32\""}
attrs = ">=19.2.0"
colorama = {version = "*", markers = "sys_platform == \"win32\""}
iniconfig = "*"
packaging = "*"
pluggy = ">=0.12,<2.0"
py = ">=1.8.2"
tomli = ">=1.0.0"

[package.extras]
testing = ["argcomplete", "hypothesis (>=3.56)", "mock", "nose", "pygments (>=2.7.2)", "requests", "xmlschema"]

[[package]]
name = "pytest-cov"
version = "3.0.0"
description = "Pytest plugin for measuring coverage."
category = "dev"
optional = false
python-versions = ">=3.6"

[package.dependencies]
coverage = {version = ">=5.2.1", extras = ["toml"]}
pytest = ">=4.6"

[package.extras]
testing = ["virtualenv", "pytest-xdist", "six", "process-tests", "hunter", "fields"]

[[package]]
name = "tomli"
version = "2.0.1"
description = "A lil' TOML parser"
category = "dev"
optional = false
python-versions = ">=3.7"

[metadata]
lock-version = "1.1"
python-versions = "^3.9"
content-hash = "b2e858f1adcdb23b4d5252a1858bb78825a66d3d161c8bd0cab1ea976d990bfb"

[metadata.files]
atomicwrites = [
    {file = "atomicwrites-1.4.1.tar.gz", hash = "sha256:81b2c9071a49367a7f770170e5eec8cb66567cfbbc8c73d20ce5ca4a8d71cf11"},
]
attrs = [
    {file = "attrs-22.1.0-py2.py3-none-any.whl", hash = "sha256:86efa402f67bf2df34f51a335487cf46b1ec130d02b8d39fd248abfd30da551c"},
    {file = "attrs-22.1.0.tar.gz", hash = "sha256:29adc2665447e5191d0e7c568fde78b21f9672d344281d0c6e1ab085429b22b6"},
]
colorama = [
    {file = "colorama-0.4.5-py2.py3-none-any.whl", hash = "sha256:854bf444933e37f5824ae7bfc1e98d5bce2ebe4160d46b5edf346a89358e99da"},
    {file = "colorama-0.4.5.tar.gz", hash = "sha256:e6c6b4334fc50988a639d9b98aa429a0b57da6e17b9a44f0451f930b6967b7a4"},
]
coverage = [
    {file = "coverage-6.4.3-cp310-cp310-macosx_10_9_x86_64.whl", hash = "sha256:f50d3a822947572496ea922ee7825becd8e3ae6fbd2400cd8236b7d64b17f285"},
    {file = "coverage-6.4.3-cp310-cp310-macosx_11_0_arm64.whl", hash = "sha256:d5191d53afbe5b6059895fa7f58223d3751c42b8101fb3ce767e1a0b1a1d8f87"},
    {file = "coverage-6.4.3-cp310-cp310-manylinux_2_17_aarch64.manylinux2014_aarch64.whl", hash = "sha256:04010af3c06ce2bfeb3b1e4e05d136f88d88c25f76cd4faff5d1fd84d11581ea"},
    {file = "coverage-6.4.3-cp310-cp310-manylinux_2_5_i686.manylinux1_i686.manylinux_2_17_i686.manylinux2014_i686.whl", hash = "sha256:6630d8d943644ea62132789940ca97d05fac83f73186eaf0930ffa715fbdab6b"},
    {file = "coverage-6.4.3-cp310-cp310-manylinux_2_5_x86_64.manylinux1_x86_64.manylinux_2_17_x86_64.manylinux2014_x86_64.whl", hash = "sha256:05de0762c1caed4a162b3e305f36cf20a548ff4da0be6766ad5c870704be3660"},
    {file = "coverage-6.4.3-cp310-cp310-musllinux_1_1_aarch64.whl", hash = "sha256:0e3a41aad5919613483aad9ebd53336905cab1bd6788afd3995c2a972d89d795"},
    {file = "coverage-6.4.3-cp310-cp310-musllinux_1_1_i686.whl", hash = "sha256:a2738ba1ee544d6f294278cfb6de2dc1f9a737a780469b5366e662a218f806c3"},
    {file = "coverage-6.4.3-cp310-cp310-musllinux_1_1_x86_64.whl", hash = "sha256:a0d2df4227f645a879010461df2cea6b7e3fb5a97d7eafa210f7fb60345af9e8"},
    {file = "coverage-6.4.3-cp310-cp310-win32.whl", hash = "sha256:73a10939dc345460ca0655356a470dd3de9759919186a82383c87b6eb315faf2"},
    {file = "coverage-6.4.3-cp310-cp310-win_amd64.whl", hash = "sha256:53c8edd3b83a4ddba3d8c506f1359401e7770b30f2188f15c17a338adf5a14db"},
    {file = "coverage-6.4.3-cp37-cp37m-macosx_10_9_x86_64.whl", hash = "sha256:f1eda5cae434282712e40b42aaf590b773382afc3642786ac3ed39053973f61f"},
    {file = "coverage-6.4.3-cp37-cp37m-manylinux_2_17_aarch64.manylinux2014_aarch64.whl", hash = "sha256:59fc88bc13e30f25167e807b8cad3c41b7218ef4473a20c86fd98a7968733083"},
    {file = "coverage-6.4.3-cp37-cp37m-manylinux_2_5_i686.manylinux1_i686.manylinux_2_17_i686.manylinux2014_i686.whl", hash = "sha256:d75314b00825d70e1e34b07396e23f47ed1d4feedc0122748f9f6bd31a544840"},
    {file = "coverage-6.4.3-cp37-cp37m-manylinux_2_5_x86_64.manylinux1_x86_64.manylinux_2_17_x86_64.manylinux2014_x86_64.whl", hash = "sha256:52f8b9fcf3c5e427d51bbab1fb92b575a9a9235d516f175b24712bcd4b5be917"},
    {file = "coverage-6.4.3-cp37-cp37m-musllinux_1_1_aarch64.whl", hash = "sha256:5a559aab40c716de80c7212295d0dc96bc1b6c719371c20dd18c5187c3155518"},
    {file = "coverage-6.4.3-cp37-cp37m-musllinux_1_1_i686.whl", hash = "sha256:306788fd019bb90e9cbb83d3f3c6becad1c048dd432af24f8320cf38ac085684"},
    {file = "coverage-6.4.3-cp37-cp37m-musllinux_1_1_x86_64.whl", hash = "sha256:920a734fe3d311ca01883b4a19aa386c97b82b69fbc023458899cff0a0d621b9"},
    {file = "coverage-6.4.3-cp37-cp37m-win32.whl", hash = "sha256:ab9ef0187d6c62b09dec83a84a3b94f71f9690784c84fd762fb3cf2d2b44c914"},
    {file = "coverage-6.4.3-cp37-cp37m-win_amd64.whl", hash = "sha256:39ebd8e120cb77a06ee3d5fc26f9732670d1c397d7cd3acf02f6f62693b89b80"},
    {file = "coverage-6.4.3-cp38-cp38-macosx_10_9_x86_64.whl", hash = "sha256:bc698580216050b5f4a34d2cdd2838b429c53314f1c4835fab7338200a8396f2"},
    {file = "coverage-6.4.3-cp38-cp38-macosx_11_0_arm64.whl", hash = "sha256:877ee5478fd78e100362aed56db47ccc5f23f6e7bb035a8896855f4c3e49bc9b"},
    {file = "coverage-6.4.3-cp38-cp38-manylinux_2_17_aarch64.manylinux2014_aarch64.whl", hash = "sha256:555a498999c44f5287cc95500486cd0d4f021af9162982cbe504d4cb388f73b5"},
    {file = "coverage-6.4.3-cp38-cp38-manylinux_2_5_i686.manylinux1_i686.manylinux_2_17_i686.manylinux2014_i686.whl", hash = "sha256:eff095a5aac7011fdb51a2c82a8fae9ec5211577f4b764e1e59cfa27ceeb1b59"},
    {file = "coverage-6.4.3-cp38-cp38-manylinux_2_5_x86_64.manylinux1_x86_64.manylinux_2_17_x86_64.manylinux2014_x86_64.whl", hash = "sha256:5de1e9335e2569974e20df0ce31493d315a830d7987e71a24a2a335a8d8459d3"},
    {file = "coverage-6.4.3-cp38-cp38-musllinux_1_1_aarch64.whl", hash = "sha256:7856ea39059d75f822ff0df3a51ea6d76307c897048bdec3aad1377e4e9dca20"},
    {file = "coverage-6.4.3-cp38-cp38-musllinux_1_1_i686.whl", hash = "sha256:411fdd9f4203afd93b056c0868c8f9e5e16813e765de962f27e4e5798356a052"},
    {file = "coverage-6.4.3-cp38-cp38-musllinux_1_1_x86_64.whl", hash = "sha256:cdf7b83f04a313a21afb1f8730fe4dd09577fefc53bbdfececf78b2006f4268e"},
    {file = "coverage-6.4.3-cp38-cp38-win32.whl", hash = "sha256:ab2b1a89d2bc7647622e9eaf06128a5b5451dccf7c242deaa31420b055716481"},
    {file = "coverage-6.4.3-cp38-cp38-win_amd64.whl", hash = "sha256:0e34247274bde982bbc613894d33f9e36358179db2ed231dd101c48dd298e7b0"},
    {file = "coverage-6.4.3-cp39-cp39-macosx_10_9_x86_64.whl", hash = "sha256:b104b6b1827d6a22483c469e3983a204bcf9c6bf7544bf90362c4654ebc2edf3"},
    {file = "coverage-6.4.3-cp39-cp39-macosx_11_0_arm64.whl", hash = "sha256:adf1a0d272633b21d645dd6e02e3293429c1141c7d65a58e4cbcd592d53b8e01"},
    {file = "coverage-6.4.3-cp39-cp39-manylinux_2_17_aarch64.manylinux2014_aarch64.whl", hash = "sha256:ff9832434a9193fbd716fbe05f9276484e18d26cc4cf850853594bb322807ac3"},
    {file = "coverage-6.4.3-cp39-cp39-manylinux_2_5_i686.manylinux1_i686.manylinux_2_17_i686.manylinux2014_i686.whl", hash = "sha256:923f9084d7e1d31b5f74c92396b05b18921ed01ee5350402b561a79dce3ea48d"},
    {file = "coverage-6.4.3-cp39-cp39-manylinux_2_5_x86_64.manylinux1_x86_64.manylinux_2_17_x86_64.manylinux2014_x86_64.whl", hash = "sha256:e4d64304acf79766e650f7acb81d263a3ea6e2d0d04c5172b7189180ff2c023c"},
    {file = "coverage-6.4.3-cp39-cp39-musllinux_1_1_aarch64.whl", hash = "sha256:fc294de50941d3da66a09dca06e206297709332050973eca17040278cb0918ff"},
    {file = "coverage-6.4.3-cp39-cp39-musllinux_1_1_i686.whl", hash = "sha256:a42eaaae772f14a5194f181740a67bfd48e8806394b8c67aa4399e09d0d6b5db"},
    {file = "coverage-6.4.3-cp39-cp39-musllinux_1_1_x86_64.whl", hash = "sha256:4822327b35cb032ff16af3bec27f73985448f08e874146b5b101e0e558b613dd"},
    {file = "coverage-6.4.3-cp39-cp39-win32.whl", hash = "sha256:f217850ac0e046ede611312703423767ca032a7b952b5257efac963942c055de"},
    {file = "coverage-6.4.3-cp39-cp39-win_amd64.whl", hash = "sha256:0a84376e4fd13cebce2c0ef8c2f037929c8307fb94af1e5dbe50272a1c651b5d"},
    {file = "coverage-6.4.3-pp36.pp37.pp38-none-any.whl", hash = "sha256:068d6f2a893af838291b8809c876973d885543411ea460f3e6886ac0ee941732"},
    {file = "coverage-6.4.3.tar.gz", hash = "sha256:ec2ae1f398e5aca655b7084392d23e80efb31f7a660d2eecf569fb9f79b3fb94"},
]
iniconfig = [
    {file = "iniconfig-1.1.1-py2.py3-none-any.whl", hash = "sha256:011e24c64b7f47f6ebd835bb12a743f2fbe9a26d4cecaa7f53bc4f35ee9da8b3"},
    {file = "iniconfig-1.1.1.tar.gz", hash = "sha256:bc3af051d7d14b2ee5ef9969666def0cd1a000e121eaea580d4a313df4b37f32"},
]
lazy = [
    {file = "lazy-1.4-py2.py3-none-any.whl", hash = "sha256:9f293fd531546f3eda039da8f919b513b94f219e562764e3ceefc26fa503bf03"},
    {file = "lazy-1.4.zip", hash = "sha256:2c6d27a5ab130fb85435320651a47403adcb37ecbcc501b0c6606391f65f5b43"},
]
numpy = [
    {file = "numpy-1.23.2-cp310-cp310-macosx_10_9_x86_64.whl", hash = "sha256:e603ca1fb47b913942f3e660a15e55a9ebca906857edfea476ae5f0fe9b457d5"},
    {file = "numpy-1.23.2-cp310-cp310-macosx_11_0_arm64.whl", hash = "sha256:633679a472934b1c20a12ed0c9a6c9eb167fbb4cb89031939bfd03dd9dbc62b8"},
    {file = "numpy-1.23.2-cp310-cp310-manylinux_2_17_aarch64.manylinux2014_aarch64.whl", hash = "sha256:17e5226674f6ea79e14e3b91bfbc153fdf3ac13f5cc54ee7bc8fdbe820a32da0"},
    {file = "numpy-1.23.2-cp310-cp310-manylinux_2_17_x86_64.manylinux2014_x86_64.whl", hash = "sha256:bdc02c0235b261925102b1bd586579b7158e9d0d07ecb61148a1799214a4afd5"},
    {file = "numpy-1.23.2-cp310-cp310-win32.whl", hash = "sha256:df28dda02c9328e122661f399f7655cdcbcf22ea42daa3650a26bce08a187450"},
    {file = "numpy-1.23.2-cp310-cp310-win_amd64.whl", hash = "sha256:8ebf7e194b89bc66b78475bd3624d92980fca4e5bb86dda08d677d786fefc414"},
    {file = "numpy-1.23.2-cp311-cp311-macosx_10_9_x86_64.whl", hash = "sha256:dc76bca1ca98f4b122114435f83f1fcf3c0fe48e4e6f660e07996abf2f53903c"},
    {file = "numpy-1.23.2-cp311-cp311-macosx_11_0_arm64.whl", hash = "sha256:ecfdd68d334a6b97472ed032b5b37a30d8217c097acfff15e8452c710e775524"},
    {file = "numpy-1.23.2-cp311-cp311-manylinux_2_17_aarch64.manylinux2014_aarch64.whl", hash = "sha256:5593f67e66dea4e237f5af998d31a43e447786b2154ba1ad833676c788f37cde"},
    {file = "numpy-1.23.2-cp311-cp311-manylinux_2_17_x86_64.manylinux2014_x86_64.whl", hash = "sha256:ac987b35df8c2a2eab495ee206658117e9ce867acf3ccb376a19e83070e69418"},
    {file = "numpy-1.23.2-cp311-cp311-win32.whl", hash = "sha256:d98addfd3c8728ee8b2c49126f3c44c703e2b005d4a95998e2167af176a9e722"},
    {file = "numpy-1.23.2-cp311-cp311-win_amd64.whl", hash = "sha256:8ecb818231afe5f0f568c81f12ce50f2b828ff2b27487520d85eb44c71313b9e"},
    {file = "numpy-1.23.2-cp38-cp38-macosx_10_9_x86_64.whl", hash = "sha256:909c56c4d4341ec8315291a105169d8aae732cfb4c250fbc375a1efb7a844f8f"},
    {file = "numpy-1.23.2-cp38-cp38-macosx_11_0_arm64.whl", hash = "sha256:8247f01c4721479e482cc2f9f7d973f3f47810cbc8c65e38fd1bbd3141cc9842"},
    {file = "numpy-1.23.2-cp38-cp38-manylinux_2_17_aarch64.manylinux2014_aarch64.whl", hash = "sha256:b8b97a8a87cadcd3f94659b4ef6ec056261fa1e1c3317f4193ac231d4df70215"},
    {file = "numpy-1.23.2-cp38-cp38-manylinux_2_17_x86_64.manylinux2014_x86_64.whl", hash = "sha256:bd5b7ccae24e3d8501ee5563e82febc1771e73bd268eef82a1e8d2b4d556ae66"},
    {file = "numpy-1.23.2-cp38-cp38-win32.whl", hash = "sha256:9b83d48e464f393d46e8dd8171687394d39bc5abfe2978896b77dc2604e8635d"},
    {file = "numpy-1.23.2-cp38-cp38-win_amd64.whl", hash = "sha256:dec198619b7dbd6db58603cd256e092bcadef22a796f778bf87f8592b468441d"},
    {file = "numpy-1.23.2-cp39-cp39-macosx_10_9_x86_64.whl", hash = "sha256:4f41f5bf20d9a521f8cab3a34557cd77b6f205ab2116651f12959714494268b0"},
    {file = "numpy-1.23.2-cp39-cp39-macosx_11_0_arm64.whl", hash = "sha256:806cc25d5c43e240db709875e947076b2826f47c2c340a5a2f36da5bb10c58d6"},
    {file = "numpy-1.23.2-cp39-cp39-manylinux_2_17_aarch64.manylinux2014_aarch64.whl", hash = "sha256:8f9d84a24889ebb4c641a9b99e54adb8cab50972f0166a3abc14c3b93163f074"},
    {file = "numpy-1.23.2-cp39-cp39-manylinux_2_17_x86_64.manylinux2014_x86_64.whl", hash = "sha256:c403c81bb8ffb1c993d0165a11493fd4bf1353d258f6997b3ee288b0a48fce77"},
    {file = "numpy-1.23.2-cp39-cp39-win32.whl", hash = "sha256:cf8c6aed12a935abf2e290860af8e77b26a042eb7f2582ff83dc7ed5f963340c"},
    {file = "numpy-1.23.2-cp39-cp39-win_amd64.whl", hash = "sha256:5e28cd64624dc2354a349152599e55308eb6ca95a13ce6a7d5679ebff2962913"},
    {file = "numpy-1.23.2-pp38-pypy38_pp73-macosx_10_9_x86_64.whl", hash = "sha256:806970e69106556d1dd200e26647e9bee5e2b3f1814f9da104a943e8d548ca38"},
    {file = "numpy-1.23.2-pp38-pypy38_pp73-manylinux_2_17_x86_64.manylinux2014_x86_64.whl", hash = "sha256:2bd879d3ca4b6f39b7770829f73278b7c5e248c91d538aab1e506c628353e47f"},
    {file = "numpy-1.23.2-pp38-pypy38_pp73-win_amd64.whl", hash = "sha256:be6b350dfbc7f708d9d853663772a9310783ea58f6035eec649fb9c4371b5389"},
    {file = "numpy-1.23.2.tar.gz", hash = "sha256:b78d00e48261fbbd04aa0d7427cf78d18401ee0abd89c7559bbf422e5b1c7d01"},
]
packaging = [
    {file = "packaging-21.3-py3-none-any.whl", hash = "sha256:ef103e05f519cdc783ae24ea4e2e0f508a9c99b2d4969652eed6a2e1ea5bd522"},
    {file = "packaging-21.3.tar.gz", hash = "sha256:dd47c42927d89ab911e606518907cc2d3a1f38bbd026385970643f9c5b8ecfeb"},
]
pluggy = [
    {file = "pluggy-1.0.0-py2.py3-none-any.whl", hash = "sha256:74134bbf457f031a36d68416e1509f34bd5ccc019f0bcc952c7b909d06b37bd3"},
    {file = "pluggy-1.0.0.tar.gz", hash = "sha256:4224373bacce55f955a878bf9cfa763c1e360858e330072059e10bad68531159"},
]
py = [
    {file = "py-1.11.0-py2.py3-none-any.whl", hash = "sha256:607c53218732647dff4acdfcd50cb62615cedf612e72d1724fb1a0cc6405b378"},
    {file = "py-1.11.0.tar.gz", hash = "sha256:51c75c4126074b472f746a24399ad32f6053d1b34b68d2fa41e558e6f4a98719"},
]
pyopenms = [
    {file = "pyopenms-2.7.0-cp37-cp37m-macosx_10_15_x86_64.whl", hash = "sha256:946f3952e3f8f7e64e0c6afa08cf0b014d1f256924006da5fffc21adb367d0c3"},
    {file = "pyopenms-2.7.0-cp37-cp37m-macosx_10_9_x86_64.whl", hash = "sha256:c0a9db4c489a4f1fd3223a0c5795a9bc9321d44a79f6db6a3a7b18c1c30bdbf4"},
    {file = "pyopenms-2.7.0-cp37-cp37m-manylinux2014_x86_64.whl", hash = "sha256:9fbbd695b62d07ad2cdbde7aaeb3a131e6fdf73872e71b9f1406a131a1fb3a4b"},
    {file = "pyopenms-2.7.0-cp37-cp37m-win_amd64.whl", hash = "sha256:eb649eae80b1c479c445a764db6439b7d2b2b74c00bfbbd0aba7ea7158e4ffaf"},
    {file = "pyopenms-2.7.0-cp38-cp38-macosx_10_15_x86_64.whl", hash = "sha256:2baf6bf9326c55fbaec1e3963564816584da810a147c5ce8694546d9a3552a26"},
    {file = "pyopenms-2.7.0-cp38-cp38-manylinux2014_x86_64.whl", hash = "sha256:f7136cc7af2e752c7be852fe5a713d1c1ce14323dd886d53ce681c14cd0fff2c"},
    {file = "pyopenms-2.7.0-cp38-cp38-win_amd64.whl", hash = "sha256:56a0b439537e85861262265557abbcdc85edb19bda4037f3ee899a1c02b774b8"},
    {file = "pyopenms-2.7.0-cp39-cp39-macosx_10_15_x86_64.whl", hash = "sha256:de60c74660c04bf3d038dee44a45f554ab0a272ec395e24e858cc0fa3b5ff4e9"},
    {file = "pyopenms-2.7.0-cp39-cp39-manylinux2014_x86_64.whl", hash = "sha256:fc6529d42d535f4fb953be49500f7ada35c8dfd477041206e93e4da9445a4b07"},
    {file = "pyopenms-2.7.0-cp39-cp39-win_amd64.whl", hash = "sha256:b538088cb80f3546b3265790fcd09da8eafb94b312877ea3b754fa859fbf400f"},
]
pyparsing = [
    {file = "pyparsing-3.0.9-py3-none-any.whl", hash = "sha256:5026bae9a10eeaefb61dab2f09052b9f4307d44aee4eda64b309723d8d206bbc"},
    {file = "pyparsing-3.0.9.tar.gz", hash = "sha256:2b020ecf7d21b687f219b71ecad3631f644a47f01403fa1d1036b0c6416d70fb"},
]
pytest = [
    {file = "pytest-7.1.2-py3-none-any.whl", hash = "sha256:13d0e3ccfc2b6e26be000cb6568c832ba67ba32e719443bfe725814d3c42433c"},
    {file = "pytest-7.1.2.tar.gz", hash = "sha256:a06a0425453864a270bc45e71f783330a7428defb4230fb5e6a731fde06ecd45"},
]
pytest-cov = [
    {file = "pytest-cov-3.0.0.tar.gz", hash = "sha256:e7f0f5b1617d2210a2cabc266dfe2f4c75a8d32fb89eafb7ad9d06f6d076d470"},
    {file = "pytest_cov-3.0.0-py3-none-any.whl", hash = "sha256:578d5d15ac4a25e5f961c938b85a05b09fdaae9deef3bb6de9a6e766622ca7a6"},
]
tomli = [
    {file = "tomli-2.0.1-py3-none-any.whl", hash = "sha256:939de3e7a6161af0c887ef91b7d41a53e7c5a1ca976325f429cb46ea9bc30ecc"},
    {file = "tomli-2.0.1.tar.gz", hash = "sha256:de526c12914f0c550d15924c62d72abc48d6fe7364aa87328337a31007fe8a4f"},
]
